// !$*UTF8*$!
{
	archiveVersion = 1;
	classes = {
	};
	objectVersion = 50;
	objects = {

/* Begin PBXBuildFile section */
		3D7FA7B7228685560083D8BD /* AppDelegate.m in Sources */ = {isa = PBXBuildFile; fileRef = 3D7FA7B6228685560083D8BD /* AppDelegate.m */; };
		3D7FA7BA228685560083D8BD /* ViewController.m in Sources */ = {isa = PBXBuildFile; fileRef = 3D7FA7B9228685560083D8BD /* ViewController.m */; };
		3D7FA7BD228685560083D8BD /* Main.storyboard in Resources */ = {isa = PBXBuildFile; fileRef = 3D7FA7BB228685560083D8BD /* Main.storyboard */; };
		3D7FA7BF228685580083D8BD /* Assets.xcassets in Resources */ = {isa = PBXBuildFile; fileRef = 3D7FA7BE228685580083D8BD /* Assets.xcassets */; };
		3D7FA7C2228685580083D8BD /* LaunchScreen.storyboard in Resources */ = {isa = PBXBuildFile; fileRef = 3D7FA7C0228685580083D8BD /* LaunchScreen.storyboard */; };
		3D7FA7C5228685580083D8BD /* main.m in Sources */ = {isa = PBXBuildFile; fileRef = 3D7FA7C4228685580083D8BD /* main.m */; };
		3D7FA7CF228685580083D8BD /* MiVideoCollectionTests.m in Sources */ = {isa = PBXBuildFile; fileRef = 3D7FA7CE228685580083D8BD /* MiVideoCollectionTests.m */; };
		3D7FA7DA228685580083D8BD /* MiVideoCollectionUITests.m in Sources */ = {isa = PBXBuildFile; fileRef = 3D7FA7D9228685580083D8BD /* MiVideoCollectionUITests.m */; };
		3D7FA7E92287D1340083D8BD /* MiVideoCollectVC.m in Sources */ = {isa = PBXBuildFile; fileRef = 3D7FA7E82287D1340083D8BD /* MiVideoCollectVC.m */; };
		3D7FA7EE2287FB390083D8BD /* MICalculator.m in Sources */ = {isa = PBXBuildFile; fileRef = 3D7FA7ED2287FB390083D8BD /* MICalculator.m */; };
		3D995829228C6C4200666D7D /* MIAudioCollectionVC.m in Sources */ = {isa = PBXBuildFile; fileRef = 3D995828228C6C4200666D7D /* MIAudioCollectionVC.m */; };
		3D99582C228C6D7400666D7D /* MIAudioQueue.m in Sources */ = {isa = PBXBuildFile; fileRef = 3D99582B228C6D7400666D7D /* MIAudioQueue.m */; };
/* End PBXBuildFile section */

/* Begin PBXContainerItemProxy section */
		3D7FA7CB228685580083D8BD /* PBXContainerItemProxy */ = {
			isa = PBXContainerItemProxy;
			containerPortal = 3D7FA7AA228685560083D8BD /* Project object */;
			proxyType = 1;
			remoteGlobalIDString = 3D7FA7B1228685560083D8BD;
			remoteInfo = MiVideoCollection;
		};
		3D7FA7D6228685580083D8BD /* PBXContainerItemProxy */ = {
			isa = PBXContainerItemProxy;
			containerPortal = 3D7FA7AA228685560083D8BD /* Project object */;
			proxyType = 1;
			remoteGlobalIDString = 3D7FA7B1228685560083D8BD;
			remoteInfo = MiVideoCollection;
		};
/* End PBXContainerItemProxy section */

/* Begin PBXFileReference section */
		3D7FA7B2228685560083D8BD /* MiVideoCollection.app */ = {isa = PBXFileReference; explicitFileType = wrapper.application; includeInIndex = 0; path = MiVideoCollection.app; sourceTree = BUILT_PRODUCTS_DIR; };
		3D7FA7B5228685560083D8BD /* AppDelegate.h */ = {isa = PBXFileReference; lastKnownFileType = sourcecode.c.h; path = AppDelegate.h; sourceTree = "<group>"; };
		3D7FA7B6228685560083D8BD /* AppDelegate.m */ = {isa = PBXFileReference; lastKnownFileType = sourcecode.c.objc; path = AppDelegate.m; sourceTree = "<group>"; };
		3D7FA7B8228685560083D8BD /* ViewController.h */ = {isa = PBXFileReference; lastKnownFileType = sourcecode.c.h; path = ViewController.h; sourceTree = "<group>"; };
		3D7FA7B9228685560083D8BD /* ViewController.m */ = {isa = PBXFileReference; lastKnownFileType = sourcecode.c.objc; path = ViewController.m; sourceTree = "<group>"; };
		3D7FA7BC228685560083D8BD /* Base */ = {isa = PBXFileReference; lastKnownFileType = file.storyboard; name = Base; path = Base.lproj/Main.storyboard; sourceTree = "<group>"; };
		3D7FA7BE228685580083D8BD /* Assets.xcassets */ = {isa = PBXFileReference; lastKnownFileType = folder.assetcatalog; path = Assets.xcassets; sourceTree = "<group>"; };
		3D7FA7C1228685580083D8BD /* Base */ = {isa = PBXFileReference; lastKnownFileType = file.storyboard; name = Base; path = Base.lproj/LaunchScreen.storyboard; sourceTree = "<group>"; };
		3D7FA7C3228685580083D8BD /* Info.plist */ = {isa = PBXFileReference; lastKnownFileType = text.plist.xml; path = Info.plist; sourceTree = "<group>"; };
		3D7FA7C4228685580083D8BD /* main.m */ = {isa = PBXFileReference; lastKnownFileType = sourcecode.c.objc; path = main.m; sourceTree = "<group>"; };
		3D7FA7CA228685580083D8BD /* MiVideoCollectionTests.xctest */ = {isa = PBXFileReference; explicitFileType = wrapper.cfbundle; includeInIndex = 0; path = MiVideoCollectionTests.xctest; sourceTree = BUILT_PRODUCTS_DIR; };
		3D7FA7CE228685580083D8BD /* MiVideoCollectionTests.m */ = {isa = PBXFileReference; lastKnownFileType = sourcecode.c.objc; path = MiVideoCollectionTests.m; sourceTree = "<group>"; };
		3D7FA7D0228685580083D8BD /* Info.plist */ = {isa = PBXFileReference; lastKnownFileType = text.plist.xml; path = Info.plist; sourceTree = "<group>"; };
		3D7FA7D5228685580083D8BD /* MiVideoCollectionUITests.xctest */ = {isa = PBXFileReference; explicitFileType = wrapper.cfbundle; includeInIndex = 0; path = MiVideoCollectionUITests.xctest; sourceTree = BUILT_PRODUCTS_DIR; };
		3D7FA7D9228685580083D8BD /* MiVideoCollectionUITests.m */ = {isa = PBXFileReference; lastKnownFileType = sourcecode.c.objc; path = MiVideoCollectionUITests.m; sourceTree = "<group>"; };
		3D7FA7DB228685580083D8BD /* Info.plist */ = {isa = PBXFileReference; lastKnownFileType = text.plist.xml; path = Info.plist; sourceTree = "<group>"; };
		3D7FA7E72287D1340083D8BD /* MiVideoCollectVC.h */ = {isa = PBXFileReference; lastKnownFileType = sourcecode.c.h; path = MiVideoCollectVC.h; sourceTree = "<group>"; };
		3D7FA7E82287D1340083D8BD /* MiVideoCollectVC.m */ = {isa = PBXFileReference; lastKnownFileType = sourcecode.c.objc; path = MiVideoCollectVC.m; sourceTree = "<group>"; };
		3D7FA7EC2287FB390083D8BD /* MICalculator.h */ = {isa = PBXFileReference; lastKnownFileType = sourcecode.c.h; path = MICalculator.h; sourceTree = "<group>"; };
		3D7FA7ED2287FB390083D8BD /* MICalculator.m */ = {isa = PBXFileReference; lastKnownFileType = sourcecode.c.objc; path = MICalculator.m; sourceTree = "<group>"; };
		3D995827228C6C4200666D7D /* MIAudioCollectionVC.h */ = {isa = PBXFileReference; lastKnownFileType = sourcecode.c.h; path = MIAudioCollectionVC.h; sourceTree = "<group>"; };
		3D995828228C6C4200666D7D /* MIAudioCollectionVC.m */ = {isa = PBXFileReference; lastKnownFileType = sourcecode.c.objc; path = MIAudioCollectionVC.m; sourceTree = "<group>"; };
		3D99582A228C6D7400666D7D /* MIAudioQueue.h */ = {isa = PBXFileReference; lastKnownFileType = sourcecode.c.h; path = MIAudioQueue.h; sourceTree = "<group>"; };
		3D99582B228C6D7400666D7D /* MIAudioQueue.m */ = {isa = PBXFileReference; lastKnownFileType = sourcecode.c.objc; path = MIAudioQueue.m; sourceTree = "<group>"; };
/* End PBXFileReference section */

/* Begin PBXFrameworksBuildPhase section */
		3D7FA7AF228685560083D8BD /* Frameworks */ = {
			isa = PBXFrameworksBuildPhase;
			buildActionMask = 2147483647;
			files = (
			);
			runOnlyForDeploymentPostprocessing = 0;
		};
		3D7FA7C7228685580083D8BD /* Frameworks */ = {
			isa = PBXFrameworksBuildPhase;
			buildActionMask = 2147483647;
			files = (
			);
			runOnlyForDeploymentPostprocessing = 0;
		};
		3D7FA7D2228685580083D8BD /* Frameworks */ = {
			isa = PBXFrameworksBuildPhase;
			buildActionMask = 2147483647;
			files = (
			);
			runOnlyForDeploymentPostprocessing = 0;
		};
/* End PBXFrameworksBuildPhase section */

/* Begin PBXGroup section */
		3D7FA7A9228685560083D8BD = {
			isa = PBXGroup;
			children = (
				3D7FA7B4228685560083D8BD /* MiVideoCollection */,
				3D7FA7CD228685580083D8BD /* MiVideoCollectionTests */,
				3D7FA7D8228685580083D8BD /* MiVideoCollectionUITests */,
				3D7FA7B3228685560083D8BD /* Products */,
			);
			sourceTree = "<group>";
		};
		3D7FA7B3228685560083D8BD /* Products */ = {
			isa = PBXGroup;
			children = (
				3D7FA7B2228685560083D8BD /* MiVideoCollection.app */,
				3D7FA7CA228685580083D8BD /* MiVideoCollectionTests.xctest */,
				3D7FA7D5228685580083D8BD /* MiVideoCollectionUITests.xctest */,
			);
			name = Products;
			sourceTree = "<group>";
		};
		3D7FA7B4228685560083D8BD /* MiVideoCollection */ = {
			isa = PBXGroup;
			children = (
				3D995826228C6BCA00666D7D /* audio */,
				3DF1ABB8228C6A5500B8D86A /* video */,
				3D7FA7B5228685560083D8BD /* AppDelegate.h */,
				3D7FA7B6228685560083D8BD /* AppDelegate.m */,
				3D7FA7B8228685560083D8BD /* ViewController.h */,
				3D7FA7B9228685560083D8BD /* ViewController.m */,
				3D7FA7BB228685560083D8BD /* Main.storyboard */,
				3D7FA7BE228685580083D8BD /* Assets.xcassets */,
				3D7FA7C0228685580083D8BD /* LaunchScreen.storyboard */,
				3D7FA7C3228685580083D8BD /* Info.plist */,
				3D7FA7C4228685580083D8BD /* main.m */,
			);
			path = MiVideoCollection;
			sourceTree = "<group>";
		};
		3D7FA7CD228685580083D8BD /* MiVideoCollectionTests */ = {
			isa = PBXGroup;
			children = (
				3D7FA7CE228685580083D8BD /* MiVideoCollectionTests.m */,
				3D7FA7D0228685580083D8BD /* Info.plist */,
			);
			path = MiVideoCollectionTests;
			sourceTree = "<group>";
		};
		3D7FA7D8228685580083D8BD /* MiVideoCollectionUITests */ = {
			isa = PBXGroup;
			children = (
				3D7FA7D9228685580083D8BD /* MiVideoCollectionUITests.m */,
				3D7FA7DB228685580083D8BD /* Info.plist */,
			);
			path = MiVideoCollectionUITests;
			sourceTree = "<group>";
		};
		3D995826228C6BCA00666D7D /* audio */ = {
			isa = PBXGroup;
			children = (
				3D995827228C6C4200666D7D /* MIAudioCollectionVC.h */,
				3D995828228C6C4200666D7D /* MIAudioCollectionVC.m */,
				3D99582A228C6D7400666D7D /* MIAudioQueue.h */,
				3D99582B228C6D7400666D7D /* MIAudioQueue.m */,
			);
			path = audio;
			sourceTree = "<group>";
		};
		3DF1ABB8228C6A5500B8D86A /* video */ = {
			isa = PBXGroup;
			children = (
				3D7FA7EC2287FB390083D8BD /* MICalculator.h */,
				3D7FA7ED2287FB390083D8BD /* MICalculator.m */,
				3D7FA7E72287D1340083D8BD /* MiVideoCollectVC.h */,
				3D7FA7E82287D1340083D8BD /* MiVideoCollectVC.m */,
			);
			path = video;
			sourceTree = "<group>";
		};
/* End PBXGroup section */

/* Begin PBXNativeTarget section */
		3D7FA7B1228685560083D8BD /* MiVideoCollection */ = {
			isa = PBXNativeTarget;
			buildConfigurationList = 3D7FA7DE228685580083D8BD /* Build configuration list for PBXNativeTarget "MiVideoCollection" */;
			buildPhases = (
				3D7FA7AE228685560083D8BD /* Sources */,
				3D7FA7AF228685560083D8BD /* Frameworks */,
				3D7FA7B0228685560083D8BD /* Resources */,
			);
			buildRules = (
			);
			dependencies = (
			);
			name = MiVideoCollection;
			productName = MiVideoCollection;
			productReference = 3D7FA7B2228685560083D8BD /* MiVideoCollection.app */;
			productType = "com.apple.product-type.application";
		};
		3D7FA7C9228685580083D8BD /* MiVideoCollectionTests */ = {
			isa = PBXNativeTarget;
			buildConfigurationList = 3D7FA7E1228685580083D8BD /* Build configuration list for PBXNativeTarget "MiVideoCollectionTests" */;
			buildPhases = (
				3D7FA7C6228685580083D8BD /* Sources */,
				3D7FA7C7228685580083D8BD /* Frameworks */,
				3D7FA7C8228685580083D8BD /* Resources */,
			);
			buildRules = (
			);
			dependencies = (
				3D7FA7CC228685580083D8BD /* PBXTargetDependency */,
			);
			name = MiVideoCollectionTests;
			productName = MiVideoCollectionTests;
			productReference = 3D7FA7CA228685580083D8BD /* MiVideoCollectionTests.xctest */;
			productType = "com.apple.product-type.bundle.unit-test";
		};
		3D7FA7D4228685580083D8BD /* MiVideoCollectionUITests */ = {
			isa = PBXNativeTarget;
			buildConfigurationList = 3D7FA7E4228685580083D8BD /* Build configuration list for PBXNativeTarget "MiVideoCollectionUITests" */;
			buildPhases = (
				3D7FA7D1228685580083D8BD /* Sources */,
				3D7FA7D2228685580083D8BD /* Frameworks */,
				3D7FA7D3228685580083D8BD /* Resources */,
			);
			buildRules = (
			);
			dependencies = (
				3D7FA7D7228685580083D8BD /* PBXTargetDependency */,
			);
			name = MiVideoCollectionUITests;
			productName = MiVideoCollectionUITests;
			productReference = 3D7FA7D5228685580083D8BD /* MiVideoCollectionUITests.xctest */;
			productType = "com.apple.product-type.bundle.ui-testing";
		};
/* End PBXNativeTarget section */

/* Begin PBXProject section */
		3D7FA7AA228685560083D8BD /* Project object */ = {
			isa = PBXProject;
			attributes = {
				LastUpgradeCheck = 1020;
				ORGANIZATIONNAME = Maxwell;
				TargetAttributes = {
					3D7FA7B1228685560083D8BD = {
						CreatedOnToolsVersion = 10.2.1;
					};
					3D7FA7C9228685580083D8BD = {
						CreatedOnToolsVersion = 10.2.1;
						TestTargetID = 3D7FA7B1228685560083D8BD;
					};
					3D7FA7D4228685580083D8BD = {
						CreatedOnToolsVersion = 10.2.1;
						TestTargetID = 3D7FA7B1228685560083D8BD;
					};
				};
			};
			buildConfigurationList = 3D7FA7AD228685560083D8BD /* Build configuration list for PBXProject "MiVideoCollection" */;
			compatibilityVersion = "Xcode 9.3";
			developmentRegion = en;
			hasScannedForEncodings = 0;
			knownRegions = (
				en,
				Base,
			);
			mainGroup = 3D7FA7A9228685560083D8BD;
			productRefGroup = 3D7FA7B3228685560083D8BD /* Products */;
			projectDirPath = "";
			projectRoot = "";
			targets = (
				3D7FA7B1228685560083D8BD /* MiVideoCollection */,
				3D7FA7C9228685580083D8BD /* MiVideoCollectionTests */,
				3D7FA7D4228685580083D8BD /* MiVideoCollectionUITests */,
			);
		};
/* End PBXProject section */

/* Begin PBXResourcesBuildPhase section */
		3D7FA7B0228685560083D8BD /* Resources */ = {
			isa = PBXResourcesBuildPhase;
			buildActionMask = 2147483647;
			files = (
				3D7FA7C2228685580083D8BD /* LaunchScreen.storyboard in Resources */,
				3D7FA7BF228685580083D8BD /* Assets.xcassets in Resources */,
				3D7FA7BD228685560083D8BD /* Main.storyboard in Resources */,
			);
			runOnlyForDeploymentPostprocessing = 0;
		};
		3D7FA7C8228685580083D8BD /* Resources */ = {
			isa = PBXResourcesBuildPhase;
			buildActionMask = 2147483647;
			files = (
			);
			runOnlyForDeploymentPostprocessing = 0;
		};
		3D7FA7D3228685580083D8BD /* Resources */ = {
			isa = PBXResourcesBuildPhase;
			buildActionMask = 2147483647;
			files = (
			);
			runOnlyForDeploymentPostprocessing = 0;
		};
/* End PBXResourcesBuildPhase section */

/* Begin PBXSourcesBuildPhase section */
		3D7FA7AE228685560083D8BD /* Sources */ = {
			isa = PBXSourcesBuildPhase;
			buildActionMask = 2147483647;
			files = (
				3D7FA7BA228685560083D8BD /* ViewController.m in Sources */,
				3D995829228C6C4200666D7D /* MIAudioCollectionVC.m in Sources */,
				3D99582C228C6D7400666D7D /* MIAudioQueue.m in Sources */,
				3D7FA7E92287D1340083D8BD /* MiVideoCollectVC.m in Sources */,
				3D7FA7C5228685580083D8BD /* main.m in Sources */,
				3D7FA7B7228685560083D8BD /* AppDelegate.m in Sources */,
				3D7FA7EE2287FB390083D8BD /* MICalculator.m in Sources */,
			);
			runOnlyForDeploymentPostprocessing = 0;
		};
		3D7FA7C6228685580083D8BD /* Sources */ = {
			isa = PBXSourcesBuildPhase;
			buildActionMask = 2147483647;
			files = (
				3D7FA7CF228685580083D8BD /* MiVideoCollectionTests.m in Sources */,
			);
			runOnlyForDeploymentPostprocessing = 0;
		};
		3D7FA7D1228685580083D8BD /* Sources */ = {
			isa = PBXSourcesBuildPhase;
			buildActionMask = 2147483647;
			files = (
				3D7FA7DA228685580083D8BD /* MiVideoCollectionUITests.m in Sources */,
			);
			runOnlyForDeploymentPostprocessing = 0;
		};
/* End PBXSourcesBuildPhase section */

/* Begin PBXTargetDependency section */
		3D7FA7CC228685580083D8BD /* PBXTargetDependency */ = {
			isa = PBXTargetDependency;
			target = 3D7FA7B1228685560083D8BD /* MiVideoCollection */;
			targetProxy = 3D7FA7CB228685580083D8BD /* PBXContainerItemProxy */;
		};
		3D7FA7D7228685580083D8BD /* PBXTargetDependency */ = {
			isa = PBXTargetDependency;
			target = 3D7FA7B1228685560083D8BD /* MiVideoCollection */;
			targetProxy = 3D7FA7D6228685580083D8BD /* PBXContainerItemProxy */;
		};
/* End PBXTargetDependency section */

/* Begin PBXVariantGroup section */
		3D7FA7BB228685560083D8BD /* Main.storyboard */ = {
			isa = PBXVariantGroup;
			children = (
				3D7FA7BC228685560083D8BD /* Base */,
			);
			name = Main.storyboard;
			sourceTree = "<group>";
		};
		3D7FA7C0228685580083D8BD /* LaunchScreen.storyboard */ = {
			isa = PBXVariantGroup;
			children = (
				3D7FA7C1228685580083D8BD /* Base */,
			);
			name = LaunchScreen.storyboard;
			sourceTree = "<group>";
		};
/* End PBXVariantGroup section */

/* Begin XCBuildConfiguration section */
		3D7FA7DC228685580083D8BD /* Debug */ = {
			isa = XCBuildConfiguration;
			buildSettings = {
				ALWAYS_SEARCH_USER_PATHS = NO;
				CLANG_ANALYZER_NONNULL = YES;
				CLANG_ANALYZER_NUMBER_OBJECT_CONVERSION = YES_AGGRESSIVE;
				CLANG_CXX_LANGUAGE_STANDARD = "gnu++14";
				CLANG_CXX_LIBRARY = "libc++";
				CLANG_ENABLE_MODULES = YES;
				CLANG_ENABLE_OBJC_ARC = YES;
				CLANG_ENABLE_OBJC_WEAK = YES;
				CLANG_WARN_BLOCK_CAPTURE_AUTORELEASING = YES;
				CLANG_WARN_BOOL_CONVERSION = YES;
				CLANG_WARN_COMMA = YES;
				CLANG_WARN_CONSTANT_CONVERSION = YES;
				CLANG_WARN_DEPRECATED_OBJC_IMPLEMENTATIONS = YES;
				CLANG_WARN_DIRECT_OBJC_ISA_USAGE = YES_ERROR;
				CLANG_WARN_DOCUMENTATION_COMMENTS = YES;
				CLANG_WARN_EMPTY_BODY = YES;
				CLANG_WARN_ENUM_CONVERSION = YES;
				CLANG_WARN_INFINITE_RECURSION = YES;
				CLANG_WARN_INT_CONVERSION = YES;
				CLANG_WARN_NON_LITERAL_NULL_CONVERSION = YES;
				CLANG_WARN_OBJC_IMPLICIT_RETAIN_SELF = YES;
				CLANG_WARN_OBJC_LITERAL_CONVERSION = YES;
				CLANG_WARN_OBJC_ROOT_CLASS = YES_ERROR;
				CLANG_WARN_RANGE_LOOP_ANALYSIS = YES;
				CLANG_WARN_STRICT_PROTOTYPES = YES;
				CLANG_WARN_SUSPICIOUS_MOVE = YES;
				CLANG_WARN_UNGUARDED_AVAILABILITY = YES_AGGRESSIVE;
				CLANG_WARN_UNREACHABLE_CODE = YES;
				CLANG_WARN__DUPLICATE_METHOD_MATCH = YES;
				CODE_SIGN_IDENTITY = "iPhone Developer";
				COPY_PHASE_STRIP = NO;
				DEBUG_INFORMATION_FORMAT = dwarf;
				ENABLE_STRICT_OBJC_MSGSEND = YES;
				ENABLE_TESTABILITY = YES;
				GCC_C_LANGUAGE_STANDARD = gnu11;
				GCC_DYNAMIC_NO_PIC = NO;
				GCC_NO_COMMON_BLOCKS = YES;
				GCC_OPTIMIZATION_LEVEL = 0;
				GCC_PREPROCESSOR_DEFINITIONS = (
					"DEBUG=1",
					"$(inherited)",
				);
				GCC_WARN_64_TO_32_BIT_CONVERSION = YES;
				GCC_WARN_ABOUT_RETURN_TYPE = YES_ERROR;
				GCC_WARN_UNDECLARED_SELECTOR = YES;
				GCC_WARN_UNINITIALIZED_AUTOS = YES_AGGRESSIVE;
				GCC_WARN_UNUSED_FUNCTION = YES;
				GCC_WARN_UNUSED_VARIABLE = YES;
				IPHONEOS_DEPLOYMENT_TARGET = 12.2;
				MTL_ENABLE_DEBUG_INFO = INCLUDE_SOURCE;
				MTL_FAST_MATH = YES;
				ONLY_ACTIVE_ARCH = YES;
				SDKROOT = iphoneos;
			};
			name = Debug;
		};
		3D7FA7DD228685580083D8BD /* Release */ = {
			isa = XCBuildConfiguration;
			buildSettings = {
				ALWAYS_SEARCH_USER_PATHS = NO;
				CLANG_ANALYZER_NONNULL = YES;
				CLANG_ANALYZER_NUMBER_OBJECT_CONVERSION = YES_AGGRESSIVE;
				CLANG_CXX_LANGUAGE_STANDARD = "gnu++14";
				CLANG_CXX_LIBRARY = "libc++";
				CLANG_ENABLE_MODULES = YES;
				CLANG_ENABLE_OBJC_ARC = YES;
				CLANG_ENABLE_OBJC_WEAK = YES;
				CLANG_WARN_BLOCK_CAPTURE_AUTORELEASING = YES;
				CLANG_WARN_BOOL_CONVERSION = YES;
				CLANG_WARN_COMMA = YES;
				CLANG_WARN_CONSTANT_CONVERSION = YES;
				CLANG_WARN_DEPRECATED_OBJC_IMPLEMENTATIONS = YES;
				CLANG_WARN_DIRECT_OBJC_ISA_USAGE = YES_ERROR;
				CLANG_WARN_DOCUMENTATION_COMMENTS = YES;
				CLANG_WARN_EMPTY_BODY = YES;
				CLANG_WARN_ENUM_CONVERSION = YES;
				CLANG_WARN_INFINITE_RECURSION = YES;
				CLANG_WARN_INT_CONVERSION = YES;
				CLANG_WARN_NON_LITERAL_NULL_CONVERSION = YES;
				CLANG_WARN_OBJC_IMPLICIT_RETAIN_SELF = YES;
				CLANG_WARN_OBJC_LITERAL_CONVERSION = YES;
				CLANG_WARN_OBJC_ROOT_CLASS = YES_ERROR;
				CLANG_WARN_RANGE_LOOP_ANALYSIS = YES;
				CLANG_WARN_STRICT_PROTOTYPES = YES;
				CLANG_WARN_SUSPICIOUS_MOVE = YES;
				CLANG_WARN_UNGUARDED_AVAILABILITY = YES_AGGRESSIVE;
				CLANG_WARN_UNREACHABLE_CODE = YES;
				CLANG_WARN__DUPLICATE_METHOD_MATCH = YES;
				CODE_SIGN_IDENTITY = "iPhone Developer";
				COPY_PHASE_STRIP = NO;
				DEBUG_INFORMATION_FORMAT = "dwarf-with-dsym";
				ENABLE_NS_ASSERTIONS = NO;
				ENABLE_STRICT_OBJC_MSGSEND = YES;
				GCC_C_LANGUAGE_STANDARD = gnu11;
				GCC_NO_COMMON_BLOCKS = YES;
				GCC_WARN_64_TO_32_BIT_CONVERSION = YES;
				GCC_WARN_ABOUT_RETURN_TYPE = YES_ERROR;
				GCC_WARN_UNDECLARED_SELECTOR = YES;
				GCC_WARN_UNINITIALIZED_AUTOS = YES_AGGRESSIVE;
				GCC_WARN_UNUSED_FUNCTION = YES;
				GCC_WARN_UNUSED_VARIABLE = YES;
				IPHONEOS_DEPLOYMENT_TARGET = 12.2;
				MTL_ENABLE_DEBUG_INFO = NO;
				MTL_FAST_MATH = YES;
				SDKROOT = iphoneos;
				VALIDATE_PRODUCT = YES;
			};
			name = Release;
		};
		3D7FA7DF228685580083D8BD /* Debug */ = {
			isa = XCBuildConfiguration;
			buildSettings = {
				ASSETCATALOG_COMPILER_APPICON_NAME = AppIcon;
				CODE_SIGN_STYLE = Automatic;
				DEVELOPMENT_TEAM = CFP9KY4MGC;
				INFOPLIST_FILE = MiVideoCollection/Info.plist;
				IPHONEOS_DEPLOYMENT_TARGET = 9.0;
				LD_RUNPATH_SEARCH_PATHS = (
					"$(inherited)",
					"@executable_path/Frameworks",
				);
				PRODUCT_BUNDLE_IDENTIFIER = com.shine.MiVideoCollection;
				PRODUCT_NAME = "$(TARGET_NAME)";
				TARGETED_DEVICE_FAMILY = "1,2";
			};
			name = Debug;
		};
		3D7FA7E0228685580083D8BD /* Release */ = {
			isa = XCBuildConfiguration;
			buildSettings = {
				ASSETCATALOG_COMPILER_APPICON_NAME = AppIcon;
				CODE_SIGN_STYLE = Automatic;
				DEVELOPMENT_TEAM = CFP9KY4MGC;
				INFOPLIST_FILE = MiVideoCollection/Info.plist;
				IPHONEOS_DEPLOYMENT_TARGET = 9.0;
				LD_RUNPATH_SEARCH_PATHS = (
					"$(inherited)",
					"@executable_path/Frameworks",
				);
				PRODUCT_BUNDLE_IDENTIFIER = com.shine.MiVideoCollection;
				PRODUCT_NAME = "$(TARGET_NAME)";
				TARGETED_DEVICE_FAMILY = "1,2";
			};
			name = Release;
		};
		3D7FA7E2228685580083D8BD /* Debug */ = {
			isa = XCBuildConfiguration;
			buildSettings = {
				BUNDLE_LOADER = "$(TEST_HOST)";
				CODE_SIGN_STYLE = Automatic;
				DEVELOPMENT_TEAM = CFP9KY4MGC;
				INFOPLIST_FILE = MiVideoCollectionTests/Info.plist;
				LD_RUNPATH_SEARCH_PATHS = (
					"$(inherited)",
					"@executable_path/Frameworks",
					"@loader_path/Frameworks",
				);
				PRODUCT_BUNDLE_IDENTIFIER = com.shine.MiVideoCollectionTests;
				PRODUCT_NAME = "$(TARGET_NAME)";
				TARGETED_DEVICE_FAMILY = "1,2";
				TEST_HOST = "$(BUILT_PRODUCTS_DIR)/MiVideoCollection.app/MiVideoCollection";
			};
			name = Debug;
		};
		3D7FA7E3228685580083D8BD /* Release */ = {
			isa = XCBuildConfiguration;
			buildSettings = {
				BUNDLE_LOADER = "$(TEST_HOST)";
				CODE_SIGN_STYLE = Automatic;
				DEVELOPMENT_TEAM = CFP9KY4MGC;
				INFOPLIST_FILE = MiVideoCollectionTests/Info.plist;
				LD_RUNPATH_SEARCH_PATHS = (
					"$(inherited)",
					"@executable_path/Frameworks",
					"@loader_path/Frameworks",
				);
				PRODUCT_BUNDLE_IDENTIFIER = com.shine.MiVideoCollectionTests;
				PRODUCT_NAME = "$(TARGET_NAME)";
				TARGETED_DEVICE_FAMILY = "1,2";
				TEST_HOST = "$(BUILT_PRODUCTS_DIR)/MiVideoCollection.app/MiVideoCollection";
			};
			name = Release;
		};
		3D7FA7E5228685580083D8BD /* Debug */ = {
			isa = XCBuildConfiguration;
			buildSettings = {
				CODE_SIGN_STYLE = Automatic;
				DEVELOPMENT_TEAM = CFP9KY4MGC;
				INFOPLIST_FILE = MiVideoCollectionUITests/Info.plist;
				LD_RUNPATH_SEARCH_PATHS = (
					"$(inherited)",
					"@executable_path/Frameworks",
					"@loader_path/Frameworks",
				);
				PRODUCT_BUNDLE_IDENTIFIER = com.shine.MiVideoCollectionUITests;
				PRODUCT_NAME = "$(TARGET_NAME)";
				TARGETED_DEVICE_FAMILY = "1,2";
				TEST_TARGET_NAME = MiVideoCollection;
			};
			name = Debug;
		};
		3D7FA7E6228685580083D8BD /* Release */ = {
			isa = XCBuildConfiguration;
			buildSettings = {
				CODE_SIGN_STYLE = Automatic;
				DEVELOPMENT_TEAM = CFP9KY4MGC;
				INFOPLIST_FILE = MiVideoCollectionUITests/Info.plist;
				LD_RUNPATH_SEARCH_PATHS = (
					"$(inherited)",
					"@executable_path/Frameworks",
					"@loader_path/Frameworks",
				);
				PRODUCT_BUNDLE_IDENTIFIER = com.shine.MiVideoCollectionUITests;
				PRODUCT_NAME = "$(TARGET_NAME)";
				TARGETED_DEVICE_FAMILY = "1,2";
				TEST_TARGET_NAME = MiVideoCollection;
			};
			name = Release;
		};
/* End XCBuildConfiguration section */

/* Begin XCConfigurationList section */
		3D7FA7AD228685560083D8BD /* Build configuration list for PBXProject "MiVideoCollection" */ = {
			isa = XCConfigurationList;
			buildConfigurations = (
				3D7FA7DC228685580083D8BD /* Debug */,
				3D7FA7DD228685580083D8BD /* Release */,
			);
			defaultConfigurationIsVisible = 0;
			defaultConfigurationName = Release;
		};
		3D7FA7DE228685580083D8BD /* Build configuration list for PBXNativeTarget "MiVideoCollection" */ = {
			isa = XCConfigurationList;
			buildConfigurations = (
				3D7FA7DF228685580083D8BD /* Debug */,
				3D7FA7E0228685580083D8BD /* Release */,
			);
			defaultConfigurationIsVisible = 0;
			defaultConfigurationName = Release;
		};
		3D7FA7E1228685580083D8BD /* Build configuration list for PBXNativeTarget "MiVideoCollectionTests" */ = {
			isa = XCConfigurationList;
			buildConfigurations = (
				3D7FA7E2228685580083D8BD /* Debug */,
				3D7FA7E3228685580083D8BD /* Release */,
			);
			defaultConfigurationIsVisible = 0;
			defaultConfigurationName = Release;
		};
		3D7FA7E4228685580083D8BD /* Build configuration list for PBXNativeTarget "MiVideoCollectionUITests" */ = {
			isa = XCConfigurationList;
			buildConfigurations = (
				3D7FA7E5228685580083D8BD /* Debug */,
				3D7FA7E6228685580083D8BD /* Release */,
			);
			defaultConfigurationIsVisible = 0;
			defaultConfigurationName = Release;
		};
/* End XCConfigurationList section */
	};
	rootObject = 3D7FA7AA228685560083D8BD /* Project object */;
}
